// !$*UTF8*$!
{
	archiveVersion = 1;
	classes = {
	};
	objectVersion = 50;
	objects = {

/* Begin PBXBuildFile section */
		D9C542F2257B8CA6007E1891 /* AppDelegate.swift in Sources */ = {isa = PBXBuildFile; fileRef = D9C542F1257B8CA6007E1891 /* AppDelegate.swift */; };
		D9C542F4257B8CA6007E1891 /* SceneDelegate.swift in Sources */ = {isa = PBXBuildFile; fileRef = D9C542F3257B8CA6007E1891 /* SceneDelegate.swift */; };
		D9C542F6257B8CA6007E1891 /* SearchViewController.swift in Sources */ = {isa = PBXBuildFile; fileRef = D9C542F5257B8CA6007E1891 /* SearchViewController.swift */; };
		D9C542FB257B8CA8007E1891 /* Assets.xcassets in Resources */ = {isa = PBXBuildFile; fileRef = D9C542FA257B8CA8007E1891 /* Assets.xcassets */; };
		D9C542FE257B8CA8007E1891 /* LaunchScreen.storyboard in Resources */ = {isa = PBXBuildFile; fileRef = D9C542FC257B8CA8007E1891 /* LaunchScreen.storyboard */; };
		D9C5432B257B919A007E1891 /* Item.swift in Sources */ = {isa = PBXBuildFile; fileRef = D9C5432A257B919A007E1891 /* Item.swift */; };
		D9C5433A257B97FC007E1891 /* SearchViewModel.swift in Sources */ = {isa = PBXBuildFile; fileRef = D9C54339257B97FC007E1891 /* SearchViewModel.swift */; };
		D9C54342257B9A04007E1891 /* API.swift in Sources */ = {isa = PBXBuildFile; fileRef = D9C54341257B9A04007E1891 /* API.swift */; };
		D9C54357257BB19C007E1891 /* Response.swift in Sources */ = {isa = PBXBuildFile; fileRef = D9C54356257BB19C007E1891 /* Response.swift */; };
		D9C54364257BEA5E007E1891 /* WebViewController.swift in Sources */ = {isa = PBXBuildFile; fileRef = D9C54363257BEA5E007E1891 /* WebViewController.swift */; };
/* End PBXBuildFile section */

/* Begin PBXFileReference section */
		D9C542EE257B8CA6007E1891 /* argyle.app */ = {isa = PBXFileReference; explicitFileType = wrapper.application; includeInIndex = 0; path = argyle.app; sourceTree = BUILT_PRODUCTS_DIR; };
		D9C542F1257B8CA6007E1891 /* AppDelegate.swift */ = {isa = PBXFileReference; lastKnownFileType = sourcecode.swift; path = AppDelegate.swift; sourceTree = "<group>"; };
		D9C542F3257B8CA6007E1891 /* SceneDelegate.swift */ = {isa = PBXFileReference; lastKnownFileType = sourcecode.swift; path = SceneDelegate.swift; sourceTree = "<group>"; };
		D9C542F5257B8CA6007E1891 /* SearchViewController.swift */ = {isa = PBXFileReference; lastKnownFileType = sourcecode.swift; path = SearchViewController.swift; sourceTree = "<group>"; };
		D9C542FA257B8CA8007E1891 /* Assets.xcassets */ = {isa = PBXFileReference; lastKnownFileType = folder.assetcatalog; path = Assets.xcassets; sourceTree = "<group>"; };
		D9C542FD257B8CA8007E1891 /* Base */ = {isa = PBXFileReference; lastKnownFileType = file.storyboard; name = Base; path = Base.lproj/LaunchScreen.storyboard; sourceTree = "<group>"; };
		D9C542FF257B8CA8007E1891 /* Info.plist */ = {isa = PBXFileReference; lastKnownFileType = text.plist.xml; path = Info.plist; sourceTree = "<group>"; };
		D9C5432A257B919A007E1891 /* Item.swift */ = {isa = PBXFileReference; lastKnownFileType = sourcecode.swift; path = Item.swift; sourceTree = "<group>"; };
		D9C54339257B97FC007E1891 /* SearchViewModel.swift */ = {isa = PBXFileReference; lastKnownFileType = sourcecode.swift; path = SearchViewModel.swift; sourceTree = "<group>"; };
		D9C54341257B9A04007E1891 /* API.swift */ = {isa = PBXFileReference; lastKnownFileType = sourcecode.swift; path = API.swift; sourceTree = "<group>"; };
		D9C54356257BB19C007E1891 /* Response.swift */ = {isa = PBXFileReference; lastKnownFileType = sourcecode.swift; path = Response.swift; sourceTree = "<group>"; };
		D9C54363257BEA5E007E1891 /* WebViewController.swift */ = {isa = PBXFileReference; lastKnownFileType = sourcecode.swift; path = WebViewController.swift; sourceTree = "<group>"; };
/* End PBXFileReference section */

/* Begin PBXFrameworksBuildPhase section */
		D9C542EB257B8CA6007E1891 /* Frameworks */ = {
			isa = PBXFrameworksBuildPhase;
			buildActionMask = 2147483647;
			files = (
			);
			runOnlyForDeploymentPostprocessing = 0;
		};
/* End PBXFrameworksBuildPhase section */

/* Begin PBXGroup section */
		D9C542E5257B8CA6007E1891 = {
			isa = PBXGroup;
			children = (
				D9C542F0257B8CA6007E1891 /* argyle */,
				D9C542EF257B8CA6007E1891 /* Products */,
			);
			sourceTree = "<group>";
		};
		D9C542EF257B8CA6007E1891 /* Products */ = {
			isa = PBXGroup;
			children = (
				D9C542EE257B8CA6007E1891 /* argyle.app */,
			);
			name = Products;
			sourceTree = "<group>";
		};
		D9C542F0257B8CA6007E1891 /* argyle */ = {
			isa = PBXGroup;
			children = (
				D9C54346257B9A1C007E1891 /* models */,
				D9C5434E257B9B7F007E1891 /* views */,
				D9C5434F257B9B86007E1891 /* viewmodels */,
				D9C5434A257B9B50007E1891 /* assets */,
				D9C542F1257B8CA6007E1891 /* AppDelegate.swift */,
				D9C542F3257B8CA6007E1891 /* SceneDelegate.swift */,
				D9C542FF257B8CA8007E1891 /* Info.plist */,
			);
			path = argyle;
			sourceTree = "<group>";
		};
		D9C54346257B9A1C007E1891 /* models */ = {
			isa = PBXGroup;
			children = (
				D9C54341257B9A04007E1891 /* API.swift */,
				D9C5432A257B919A007E1891 /* Item.swift */,
				D9C54356257BB19C007E1891 /* Response.swift */,
			);
			path = models;
			sourceTree = "<group>";
		};
		D9C5434A257B9B50007E1891 /* assets */ = {
			isa = PBXGroup;
			children = (
				D9C542FA257B8CA8007E1891 /* Assets.xcassets */,
				D9C542FC257B8CA8007E1891 /* LaunchScreen.storyboard */,
			);
			path = assets;
			sourceTree = "<group>";
		};
		D9C5434E257B9B7F007E1891 /* views */ = {
			isa = PBXGroup;
			children = (
				D9C542F5257B8CA6007E1891 /* SearchViewController.swift */,
				D9C54363257BEA5E007E1891 /* WebViewController.swift */,
			);
			path = views;
			sourceTree = "<group>";
		};
		D9C5434F257B9B86007E1891 /* viewmodels */ = {
			isa = PBXGroup;
			children = (
				D9C54339257B97FC007E1891 /* SearchViewModel.swift */,
			);
			path = viewmodels;
			sourceTree = "<group>";
		};
/* End PBXGroup section */

/* Begin PBXNativeTarget section */
		D9C542ED257B8CA6007E1891 /* argyle */ = {
			isa = PBXNativeTarget;
			buildConfigurationList = D9C54318257B8CA9007E1891 /* Build configuration list for PBXNativeTarget "argyle" */;
			buildPhases = (
				D9C542EA257B8CA6007E1891 /* Sources */,
				D9C542EB257B8CA6007E1891 /* Frameworks */,
				D9C542EC257B8CA6007E1891 /* Resources */,
			);
			buildRules = (
			);
			dependencies = (
			);
			name = argyle;
			productName = argyle;
			productReference = D9C542EE257B8CA6007E1891 /* argyle.app */;
			productType = "com.apple.product-type.application";
		};
/* End PBXNativeTarget section */

/* Begin PBXProject section */
		D9C542E6257B8CA6007E1891 /* Project object */ = {
			isa = PBXProject;
			attributes = {
				LastSwiftUpdateCheck = 1200;
				LastUpgradeCheck = 1200;
				TargetAttributes = {
					D9C542ED257B8CA6007E1891 = {
						CreatedOnToolsVersion = 12.0;
					};
				};
			};
			buildConfigurationList = D9C542E9257B8CA6007E1891 /* Build configuration list for PBXProject "argyle" */;
			compatibilityVersion = "Xcode 9.3";
			developmentRegion = en;
			hasScannedForEncodings = 0;
			knownRegions = (
				en,
				Base,
			);
			mainGroup = D9C542E5257B8CA6007E1891;
			productRefGroup = D9C542EF257B8CA6007E1891 /* Products */;
			projectDirPath = "";
			projectRoot = "";
			targets = (
				D9C542ED257B8CA6007E1891 /* argyle */,
			);
		};
/* End PBXProject section */

/* Begin PBXResourcesBuildPhase section */
		D9C542EC257B8CA6007E1891 /* Resources */ = {
			isa = PBXResourcesBuildPhase;
			buildActionMask = 2147483647;
			files = (
				D9C542FE257B8CA8007E1891 /* LaunchScreen.storyboard in Resources */,
				D9C542FB257B8CA8007E1891 /* Assets.xcassets in Resources */,
			);
			runOnlyForDeploymentPostprocessing = 0;
		};
/* End PBXResourcesBuildPhase section */

/* Begin PBXSourcesBuildPhase section */
		D9C542EA257B8CA6007E1891 /* Sources */ = {
			isa = PBXSourcesBuildPhase;
			buildActionMask = 2147483647;
			files = (
				D9C5433A257B97FC007E1891 /* SearchViewModel.swift in Sources */,
				D9C5432B257B919A007E1891 /* Item.swift in Sources */,
				D9C542F6257B8CA6007E1891 /* SearchViewController.swift in Sources */,
				D9C542F2257B8CA6007E1891 /* AppDelegate.swift in Sources */,
				D9C54342257B9A04007E1891 /* API.swift in Sources */,
				D9C542F4257B8CA6007E1891 /* SceneDelegate.swift in Sources */,
				D9C54357257BB19C007E1891 /* Response.swift in Sources */,
				D9C54364257BEA5E007E1891 /* WebViewController.swift in Sources */,
			);
			runOnlyForDeploymentPostprocessing = 0;
		};
/* End PBXSourcesBuildPhase section */

/* Begin PBXVariantGroup section */
		D9C542FC257B8CA8007E1891 /* LaunchScreen.storyboard */ = {
			isa = PBXVariantGroup;
			children = (
				D9C542FD257B8CA8007E1891 /* Base */,
			);
			name = LaunchScreen.storyboard;
			sourceTree = "<group>";
		};
/* End PBXVariantGroup section */

/* Begin XCBuildConfiguration section */
		D9C54316257B8CA9007E1891 /* Debug */ = {
			isa = XCBuildConfiguration;
			buildSettings = {
				ALWAYS_SEARCH_USER_PATHS = NO;
				CLANG_ANALYZER_NONNULL = YES;
				CLANG_ANALYZER_NUMBER_OBJECT_CONVERSION = YES_AGGRESSIVE;
				CLANG_CXX_LANGUAGE_STANDARD = "gnu++14";
				CLANG_CXX_LIBRARY = "libc++";
				CLANG_ENABLE_MODULES = YES;
				CLANG_ENABLE_OBJC_ARC = YES;
				CLANG_ENABLE_OBJC_WEAK = YES;
				CLANG_WARN_BLOCK_CAPTURE_AUTORELEASING = YES;
				CLANG_WARN_BOOL_CONVERSION = YES;
				CLANG_WARN_COMMA = YES;
				CLANG_WARN_CONSTANT_CONVERSION = YES;
				CLANG_WARN_DEPRECATED_OBJC_IMPLEMENTATIONS = YES;
				CLANG_WARN_DIRECT_OBJC_ISA_USAGE = YES_ERROR;
				CLANG_WARN_DOCUMENTATION_COMMENTS = YES;
				CLANG_WARN_EMPTY_BODY = YES;
				CLANG_WARN_ENUM_CONVERSION = YES;
				CLANG_WARN_INFINITE_RECURSION = YES;
				CLANG_WARN_INT_CONVERSION = YES;
				CLANG_WARN_NON_LITERAL_NULL_CONVERSION = YES;
				CLANG_WARN_OBJC_IMPLICIT_RETAIN_SELF = YES;
				CLANG_WARN_OBJC_LITERAL_CONVERSION = YES;
				CLANG_WARN_OBJC_ROOT_CLASS = YES_ERROR;
				CLANG_WARN_QUOTED_INCLUDE_IN_FRAMEWORK_HEADER = YES;
				CLANG_WARN_RANGE_LOOP_ANALYSIS = YES;
				CLANG_WARN_STRICT_PROTOTYPES = YES;
				CLANG_WARN_SUSPICIOUS_MOVE = YES;
				CLANG_WARN_UNGUARDED_AVAILABILITY = YES_AGGRESSIVE;
				CLANG_WARN_UNREACHABLE_CODE = YES;
				CLANG_WARN__DUPLICATE_METHOD_MATCH = YES;
				COPY_PHASE_STRIP = NO;
				DEBUG_INFORMATION_FORMAT = dwarf;
				ENABLE_STRICT_OBJC_MSGSEND = YES;
				ENABLE_TESTABILITY = YES;
				GCC_C_LANGUAGE_STANDARD = gnu11;
				GCC_DYNAMIC_NO_PIC = NO;
				GCC_NO_COMMON_BLOCKS = YES;
				GCC_OPTIMIZATION_LEVEL = 0;
				GCC_PREPROCESSOR_DEFINITIONS = (
					"DEBUG=1",
					"$(inherited)",
				);
				GCC_WARN_64_TO_32_BIT_CONVERSION = YES;
				GCC_WARN_ABOUT_RETURN_TYPE = YES_ERROR;
				GCC_WARN_UNDECLARED_SELECTOR = YES;
				GCC_WARN_UNINITIALIZED_AUTOS = YES_AGGRESSIVE;
				GCC_WARN_UNUSED_FUNCTION = YES;
				GCC_WARN_UNUSED_VARIABLE = YES;
				IPHONEOS_DEPLOYMENT_TARGET = 14.0;
				MTL_ENABLE_DEBUG_INFO = INCLUDE_SOURCE;
				MTL_FAST_MATH = YES;
				ONLY_ACTIVE_ARCH = YES;
				SDKROOT = iphoneos;
				SWIFT_ACTIVE_COMPILATION_CONDITIONS = DEBUG;
				SWIFT_OPTIMIZATION_LEVEL = "-Onone";
			};
			name = Debug;
		};
		D9C54317257B8CA9007E1891 /* Release */ = {
			isa = XCBuildConfiguration;
			buildSettings = {
				ALWAYS_SEARCH_USER_PATHS = NO;
				CLANG_ANALYZER_NONNULL = YES;
				CLANG_ANALYZER_NUMBER_OBJECT_CONVERSION = YES_AGGRESSIVE;
				CLANG_CXX_LANGUAGE_STANDARD = "gnu++14";
				CLANG_CXX_LIBRARY = "libc++";
				CLANG_ENABLE_MODULES = YES;
				CLANG_ENABLE_OBJC_ARC = YES;
				CLANG_ENABLE_OBJC_WEAK = YES;
				CLANG_WARN_BLOCK_CAPTURE_AUTORELEASING = YES;
				CLANG_WARN_BOOL_CONVERSION = YES;
				CLANG_WARN_COMMA = YES;
				CLANG_WARN_CONSTANT_CONVERSION = YES;
				CLANG_WARN_DEPRECATED_OBJC_IMPLEMENTATIONS = YES;
				CLANG_WARN_DIRECT_OBJC_ISA_USAGE = YES_ERROR;
				CLANG_WARN_DOCUMENTATION_COMMENTS = YES;
				CLANG_WARN_EMPTY_BODY = YES;
				CLANG_WARN_ENUM_CONVERSION = YES;
				CLANG_WARN_INFINITE_RECURSION = YES;
				CLANG_WARN_INT_CONVERSION = YES;
				CLANG_WARN_NON_LITERAL_NULL_CONVERSION = YES;
				CLANG_WARN_OBJC_IMPLICIT_RETAIN_SELF = YES;
				CLANG_WARN_OBJC_LITERAL_CONVERSION = YES;
				CLANG_WARN_OBJC_ROOT_CLASS = YES_ERROR;
				CLANG_WARN_QUOTED_INCLUDE_IN_FRAMEWORK_HEADER = YES;
				CLANG_WARN_RANGE_LOOP_ANALYSIS = YES;
				CLANG_WARN_STRICT_PROTOTYPES = YES;
				CLANG_WARN_SUSPICIOUS_MOVE = YES;
				CLANG_WARN_UNGUARDED_AVAILABILITY = YES_AGGRESSIVE;
				CLANG_WARN_UNREACHABLE_CODE = YES;
				CLANG_WARN__DUPLICATE_METHOD_MATCH = YES;
				COPY_PHASE_STRIP = NO;
				DEBUG_INFORMATION_FORMAT = "dwarf-with-dsym";
				ENABLE_NS_ASSERTIONS = NO;
				ENABLE_STRICT_OBJC_MSGSEND = YES;
				GCC_C_LANGUAGE_STANDARD = gnu11;
				GCC_NO_COMMON_BLOCKS = YES;
				GCC_WARN_64_TO_32_BIT_CONVERSION = YES;
				GCC_WARN_ABOUT_RETURN_TYPE = YES_ERROR;
				GCC_WARN_UNDECLARED_SELECTOR = YES;
				GCC_WARN_UNINITIALIZED_AUTOS = YES_AGGRESSIVE;
				GCC_WARN_UNUSED_FUNCTION = YES;
				GCC_WARN_UNUSED_VARIABLE = YES;
				IPHONEOS_DEPLOYMENT_TARGET = 14.0;
				MTL_ENABLE_DEBUG_INFO = NO;
				MTL_FAST_MATH = YES;
				SDKROOT = iphoneos;
				SWIFT_COMPILATION_MODE = wholemodule;
				SWIFT_OPTIMIZATION_LEVEL = "-O";
				VALIDATE_PRODUCT = YES;
			};
			name = Release;
		};
		D9C54319257B8CA9007E1891 /* Debug */ = {
			isa = XCBuildConfiguration;
			buildSettings = {
				ASSETCATALOG_COMPILER_APPICON_NAME = AppIcon;
				ASSETCATALOG_COMPILER_GLOBAL_ACCENT_COLOR_NAME = AccentColor;
				CODE_SIGN_STYLE = Automatic;
				INFOPLIST_FILE = argyle/Info.plist;
				LD_RUNPATH_SEARCH_PATHS = (
					"$(inherited)",
					"@executable_path/Frameworks",
				);
				PRODUCT_BUNDLE_IDENTIFIER = webfu.argyle;
				PRODUCT_NAME = "$(TARGET_NAME)";
				SWIFT_VERSION = 5.0;
				TARGETED_DEVICE_FAMILY = 1;
			};
			name = Debug;
		};
		D9C5431A257B8CA9007E1891 /* Release */ = {
			isa = XCBuildConfiguration;
			buildSettings = {
				ASSETCATALOG_COMPILER_APPICON_NAME = AppIcon;
				ASSETCATALOG_COMPILER_GLOBAL_ACCENT_COLOR_NAME = AccentColor;
				CODE_SIGN_STYLE = Automatic;
				INFOPLIST_FILE = argyle/Info.plist;
				LD_RUNPATH_SEARCH_PATHS = (
					"$(inherited)",
					"@executable_path/Frameworks",
				);
				PRODUCT_BUNDLE_IDENTIFIER = webfu.argyle;
				PRODUCT_NAME = "$(TARGET_NAME)";
				SWIFT_VERSION = 5.0;
				TARGETED_DEVICE_FAMILY = 1;
			};
			name = Release;
		};
/* End XCBuildConfiguration section */

/* Begin XCConfigurationList section */
		D9C542E9257B8CA6007E1891 /* Build configuration list for PBXProject "argyle" */ = {
			isa = XCConfigurationList;
			buildConfigurations = (
				D9C54316257B8CA9007E1891 /* Debug */,
				D9C54317257B8CA9007E1891 /* Release */,
			);
			defaultConfigurationIsVisible = 0;
			defaultConfigurationName = Release;
		};
		D9C54318257B8CA9007E1891 /* Build configuration list for PBXNativeTarget "argyle" */ = {
			isa = XCConfigurationList;
			buildConfigurations = (
				D9C54319257B8CA9007E1891 /* Debug */,
				D9C5431A257B8CA9007E1891 /* Release */,
			);
			defaultConfigurationIsVisible = 0;
			defaultConfigurationName = Release;
		};
/* End XCConfigurationList section */
	};
	rootObject = D9C542E6257B8CA6007E1891 /* Project object */;
}
